
Microsoft Visual Studio Solution File, Format Version 12.00
# Visual Studio Version 17
VisualStudioVersion = 17.3.32811.315
MinimumVisualStudioVersion = 10.0.40219.1
Project("{9A19103F-16F7-4668-BE54-9A1E7A4F7556}") = "Vehicles.Api", "Vehicles.Api\Vehicles.Api.csproj", "{0475A6B1-12E0-4F6C-B678-94B179818B41}"
EndProject
Project("{FAE04EC0-301F-11D3-BF4B-00C04F79EFBC}") = "Vehicles.Api.Tests.Unit", "Vehicles.Api.Tests.Unit\Vehicles.Api.Tests.Unit.csproj", "{3044C295-9698-492B-91E9-23BBC8D2DEBD}"
EndProject
Project("{FAE04EC0-301F-11D3-BF4B-00C04F79EFBC}") = "Vehicles.Api.Tests.Integration", "Vehicles.Api.Tests.Integration\Vehicles.Api.Tests.Integration.csproj", "{895E5E4C-90F6-4A82-92FC-6722A27E10A7}"
EndProject
Global
	GlobalSection(SolutionConfigurationPlatforms) = preSolution
		Debug|Any CPU = Debug|Any CPU
		Release|Any CPU = Release|Any CPU
	EndGlobalSection
	GlobalSection(ProjectConfigurationPlatforms) = postSolution
		{0475A6B1-12E0-4F6C-B678-94B179818B41}.Debug|Any CPU.ActiveCfg = Debug|Any CPU
		{0475A6B1-12E0-4F6C-B678-94B179818B41}.Debug|Any CPU.Build.0 = Debug|Any CPU
		{0475A6B1-12E0-4F6C-B678-94B179818B41}.Release|Any CPU.ActiveCfg = Release|Any CPU
		{0475A6B1-12E0-4F6C-B678-94B179818B41}.Release|Any CPU.Build.0 = Release|Any CPU
		{3044C295-9698-492B-91E9-23BBC8D2DEBD}.Debug|Any CPU.ActiveCfg = Debug|Any CPU
		{3044C295-9698-492B-91E9-23BBC8D2DEBD}.Debug|Any CPU.Build.0 = Debug|Any CPU
		{3044C295-9698-492B-91E9-23BBC8D2DEBD}.Release|Any CPU.ActiveCfg = Release|Any CPU
		{3044C295-9698-492B-91E9-23BBC8D2DEBD}.Release|Any CPU.Build.0 = Release|Any CPU
		{895E5E4C-90F6-4A82-92FC-6722A27E10A7}.Debug|Any CPU.ActiveCfg = Debug|Any CPU
		{895E5E4C-90F6-4A82-92FC-6722A27E10A7}.Debug|Any CPU.Build.0 = Debug|Any CPU
		{895E5E4C-90F6-4A82-92FC-6722A27E10A7}.Release|Any CPU.ActiveCfg = Release|Any CPU
		{895E5E4C-90F6-4A82-92FC-6722A27E10A7}.Release|Any CPU.Build.0 = Release|Any CPU
	EndGlobalSection
	GlobalSection(SolutionProperties) = preSolution
		HideSolutionNode = FALSE
	EndGlobalSection
	GlobalSection(ExtensibilityGlobals) = postSolution
		SolutionGuid = {5642EC82-9A12-4798-8D10-45531DF70E52}
	EndGlobalSection
EndGlobal
